
Microsoft Visual Studio Solution File, Format Version 12.00
# Visual Studio Version 17
VisualStudioVersion = 17.9.34723.18
MinimumVisualStudioVersion = 10.0.40219.1
Project("{FAE04EC0-301F-11D3-BF4B-00C04F79EFBC}") = "Banking.API", "Banking.API\Banking.API.csproj", "{B4D92F19-1AD2-4A96-B533-22B921A3E5B1}"
EndProject
Project("{FAE04EC0-301F-11D3-BF4B-00C04F79EFBC}") = "Banking.Service", "Banking.Service\Banking.Service.csproj", "{355164FA-E9F2-4DBD-9D45-BA2D7090A4EC}"
EndProject
Project("{FAE04EC0-301F-11D3-BF4B-00C04F79EFBC}") = "Banking.Data", "Banking.Data\Banking.Data.csproj", "{DDC969FA-3A1F-401C-8AF8-BD837805128F}"
EndProject
Global
	GlobalSection(SolutionConfigurationPlatforms) = preSolution
		Debug|Any CPU = Debug|Any CPU
		Release|Any CPU = Release|Any CPU
	EndGlobalSection
	GlobalSection(ProjectConfigurationPlatforms) = postSolution
		{B4D92F19-1AD2-4A96-B533-22B921A3E5B1}.Debug|Any CPU.ActiveCfg = Debug|Any CPU
		{B4D92F19-1AD2-4A96-B533-22B921A3E5B1}.Debug|Any CPU.Build.0 = Debug|Any CPU
		{B4D92F19-1AD2-4A96-B533-22B921A3E5B1}.Release|Any CPU.ActiveCfg = Release|Any CPU
		{B4D92F19-1AD2-4A96-B533-22B921A3E5B1}.Release|Any CPU.Build.0 = Release|Any CPU
		{355164FA-E9F2-4DBD-9D45-BA2D7090A4EC}.Debug|Any CPU.ActiveCfg = Debug|Any CPU
		{355164FA-E9F2-4DBD-9D45-BA2D7090A4EC}.Debug|Any CPU.Build.0 = Debug|Any CPU
		{355164FA-E9F2-4DBD-9D45-BA2D7090A4EC}.Release|Any CPU.ActiveCfg = Release|Any CPU
		{355164FA-E9F2-4DBD-9D45-BA2D7090A4EC}.Release|Any CPU.Build.0 = Release|Any CPU
		{DDC969FA-3A1F-401C-8AF8-BD837805128F}.Debug|Any CPU.ActiveCfg = Debug|Any CPU
		{DDC969FA-3A1F-401C-8AF8-BD837805128F}.Debug|Any CPU.Build.0 = Debug|Any CPU
		{DDC969FA-3A1F-401C-8AF8-BD837805128F}.Release|Any CPU.ActiveCfg = Release|Any CPU
		{DDC969FA-3A1F-401C-8AF8-BD837805128F}.Release|Any CPU.Build.0 = Release|Any CPU
	EndGlobalSection
	GlobalSection(SolutionProperties) = preSolution
		HideSolutionNode = FALSE
	EndGlobalSection
	GlobalSection(ExtensibilityGlobals) = postSolution
		SolutionGuid = {4F27A143-AFEA-4D03-A2F9-7C37CB44A7CD}
	EndGlobalSection
EndGlobal
